
Microsoft Visual Studio Solution File, Format Version 12.00
# Visual Studio Version 17
VisualStudioVersion = 17.9.34622.214
MinimumVisualStudioVersion = 10.0.40219.1
Project("{FAE04EC0-301F-11D3-BF4B-00C04F79EFBC}") = "SharedLocalActivities", "SharedLocalActivities\SharedLocalActivities.csproj", "{5E513163-F80D-4B40-BCA8-A6D515955093}"
EndProject
Global
	GlobalSection(SolutionConfigurationPlatforms) = preSolution
		Debug|Any CPU = Debug|Any CPU
		Release|Any CPU = Release|Any CPU
	EndGlobalSection
	GlobalSection(ProjectConfigurationPlatforms) = postSolution
		{5E513163-F80D-4B40-BCA8-A6D515955093}.Debug|Any CPU.ActiveCfg = Debug|Any CPU
		{5E513163-F80D-4B40-BCA8-A6D515955093}.Debug|Any CPU.Build.0 = Debug|Any CPU
		{5E513163-F80D-4B40-BCA8-A6D515955093}.Release|Any CPU.ActiveCfg = Release|Any CPU
		{5E513163-F80D-4B40-BCA8-A6D515955093}.Release|Any CPU.Build.0 = Release|Any CPU
	EndGlobalSection
	GlobalSection(SolutionProperties) = preSolution
		HideSolutionNode = FALSE
	EndGlobalSection
	GlobalSection(ExtensibilityGlobals) = postSolution
		SolutionGuid = {A513E416-2E36-44AE-BEB1-D941DDF55070}
	EndGlobalSection
EndGlobal
